
Microsoft Visual Studio Solution File, Format Version 12.00
# Visual Studio Version 16
VisualStudioVersion = 16.0.30523.141
MinimumVisualStudioVersion = 10.0.40219.1
Project("{FAE04EC0-301F-11D3-BF4B-00C04F79EFBC}") = "Calculator", "Calculator\Calculator.csproj", "{AB2E3619-A804-417B-958D-A2FBA72F57BD}"
EndProject
Global
	GlobalSection(SolutionConfigurationPlatforms) = preSolution
		Debug|Any CPU = Debug|Any CPU
		Release|Any CPU = Release|Any CPU
	EndGlobalSection
	GlobalSection(ProjectConfigurationPlatforms) = postSolution
		{AB2E3619-A804-417B-958D-A2FBA72F57BD}.Debug|Any CPU.ActiveCfg = Debug|Any CPU
		{AB2E3619-A804-417B-958D-A2FBA72F57BD}.Debug|Any CPU.Build.0 = Debug|Any CPU
		{AB2E3619-A804-417B-958D-A2FBA72F57BD}.Release|Any CPU.ActiveCfg = Release|Any CPU
		{AB2E3619-A804-417B-958D-A2FBA72F57BD}.Release|Any CPU.Build.0 = Release|Any CPU
	EndGlobalSection
	GlobalSection(SolutionProperties) = preSolution
		HideSolutionNode = FALSE
	EndGlobalSection
	GlobalSection(ExtensibilityGlobals) = postSolution
		SolutionGuid = {183B0911-04A0-4CAE-A1A0-B166D6E41897}
	EndGlobalSection
EndGlobal
